// !$*UTF8*$!
{
	archiveVersion = 1;
	classes = {
	};
	objectVersion = 50;
	objects = {

/* Begin PBXBuildFile section */
		914ACC33227187B4006AA31A /* AppDelegate.m in Sources */ = {isa = PBXBuildFile; fileRef = 914ACC32227187B4006AA31A /* AppDelegate.m */; };
		914ACC36227187B4006AA31A /* ViewController.m in Sources */ = {isa = PBXBuildFile; fileRef = 914ACC35227187B4006AA31A /* ViewController.m */; };
		914ACC39227187B4006AA31A /* Main.storyboard in Resources */ = {isa = PBXBuildFile; fileRef = 914ACC37227187B4006AA31A /* Main.storyboard */; };
		914ACC3B227187B7006AA31A /* Assets.xcassets in Resources */ = {isa = PBXBuildFile; fileRef = 914ACC3A227187B7006AA31A /* Assets.xcassets */; };
		914ACC41227187B7006AA31A /* main.m in Sources */ = {isa = PBXBuildFile; fileRef = 914ACC40227187B7006AA31A /* main.m */; };
		914ACC49227187E1006AA31A /* WKCBlurView.m in Sources */ = {isa = PBXBuildFile; fileRef = 914ACC48227187E1006AA31A /* WKCBlurView.m */; };
		914ACC4E22718870006AA31A /* WKCBlurItemCell.m in Sources */ = {isa = PBXBuildFile; fileRef = 914ACC4D22718870006AA31A /* WKCBlurItemCell.m */; };
		914ACC50227191E8006AA31A /* test.jpg in Resources */ = {isa = PBXBuildFile; fileRef = 914ACC4F227191E8006AA31A /* test.jpg */; };
		914ACC5322719994006AA31A /* UIView+Blur.m in Sources */ = {isa = PBXBuildFile; fileRef = 914ACC5222719994006AA31A /* UIView+Blur.m */; };
/* End PBXBuildFile section */

/* Begin PBXFileReference section */
		914ACC2E227187B4006AA31A /* WKCBlurView.app */ = {isa = PBXFileReference; explicitFileType = wrapper.application; includeInIndex = 0; path = WKCBlurView.app; sourceTree = BUILT_PRODUCTS_DIR; };
		914ACC31227187B4006AA31A /* AppDelegate.h */ = {isa = PBXFileReference; lastKnownFileType = sourcecode.c.h; path = AppDelegate.h; sourceTree = "<group>"; };
		914ACC32227187B4006AA31A /* AppDelegate.m */ = {isa = PBXFileReference; lastKnownFileType = sourcecode.c.objc; path = AppDelegate.m; sourceTree = "<group>"; };
		914ACC34227187B4006AA31A /* ViewController.h */ = {isa = PBXFileReference; lastKnownFileType = sourcecode.c.h; path = ViewController.h; sourceTree = "<group>"; };
		914ACC35227187B4006AA31A /* ViewController.m */ = {isa = PBXFileReference; lastKnownFileType = sourcecode.c.objc; path = ViewController.m; sourceTree = "<group>"; };
		914ACC38227187B4006AA31A /* Base */ = {isa = PBXFileReference; lastKnownFileType = file.storyboard; name = Base; path = Base.lproj/Main.storyboard; sourceTree = "<group>"; };
		914ACC3A227187B7006AA31A /* Assets.xcassets */ = {isa = PBXFileReference; lastKnownFileType = folder.assetcatalog; path = Assets.xcassets; sourceTree = "<group>"; };
		914ACC3F227187B7006AA31A /* Info.plist */ = {isa = PBXFileReference; lastKnownFileType = text.plist.xml; path = Info.plist; sourceTree = "<group>"; };
		914ACC40227187B7006AA31A /* main.m */ = {isa = PBXFileReference; lastKnownFileType = sourcecode.c.objc; path = main.m; sourceTree = "<group>"; };
		914ACC47227187E1006AA31A /* WKCBlurView.h */ = {isa = PBXFileReference; fileEncoding = 4; lastKnownFileType = sourcecode.c.h; path = WKCBlurView.h; sourceTree = "<group>"; };
		914ACC48227187E1006AA31A /* WKCBlurView.m */ = {isa = PBXFileReference; fileEncoding = 4; lastKnownFileType = sourcecode.c.objc; path = WKCBlurView.m; sourceTree = "<group>"; };
		914ACC4C22718870006AA31A /* WKCBlurItemCell.h */ = {isa = PBXFileReference; lastKnownFileType = sourcecode.c.h; path = WKCBlurItemCell.h; sourceTree = "<group>"; };
		914ACC4D22718870006AA31A /* WKCBlurItemCell.m */ = {isa = PBXFileReference; lastKnownFileType = sourcecode.c.objc; path = WKCBlurItemCell.m; sourceTree = "<group>"; };
		914ACC4F227191E8006AA31A /* test.jpg */ = {isa = PBXFileReference; lastKnownFileType = image.jpeg; path = test.jpg; sourceTree = "<group>"; };
		914ACC5122719994006AA31A /* UIView+Blur.h */ = {isa = PBXFileReference; lastKnownFileType = sourcecode.c.h; path = "UIView+Blur.h"; sourceTree = "<group>"; };
		914ACC5222719994006AA31A /* UIView+Blur.m */ = {isa = PBXFileReference; lastKnownFileType = sourcecode.c.objc; path = "UIView+Blur.m"; sourceTree = "<group>"; };
/* End PBXFileReference section */

/* Begin PBXFrameworksBuildPhase section */
		914ACC2B227187B4006AA31A /* Frameworks */ = {
			isa = PBXFrameworksBuildPhase;
			buildActionMask = 2147483647;
			files = (
			);
			runOnlyForDeploymentPostprocessing = 0;
		};
/* End PBXFrameworksBuildPhase section */

/* Begin PBXGroup section */
		914ACC25227187B4006AA31A = {
			isa = PBXGroup;
			children = (
				914ACC30227187B4006AA31A /* WKCBlurView */,
				914ACC2F227187B4006AA31A /* Products */,
			);
			sourceTree = "<group>";
		};
		914ACC2F227187B4006AA31A /* Products */ = {
			isa = PBXGroup;
			children = (
				914ACC2E227187B4006AA31A /* WKCBlurView.app */,
			);
			name = Products;
			sourceTree = "<group>";
		};
		914ACC30227187B4006AA31A /* WKCBlurView */ = {
			isa = PBXGroup;
			children = (
				914ACC5122719994006AA31A /* UIView+Blur.h */,
				914ACC5222719994006AA31A /* UIView+Blur.m */,
				914ACC47227187E1006AA31A /* WKCBlurView.h */,
				914ACC48227187E1006AA31A /* WKCBlurView.m */,
				914ACC4C22718870006AA31A /* WKCBlurItemCell.h */,
				914ACC4D22718870006AA31A /* WKCBlurItemCell.m */,
				914ACC31227187B4006AA31A /* AppDelegate.h */,
				914ACC32227187B4006AA31A /* AppDelegate.m */,
				914ACC34227187B4006AA31A /* ViewController.h */,
				914ACC35227187B4006AA31A /* ViewController.m */,
				914ACC37227187B4006AA31A /* Main.storyboard */,
				914ACC3A227187B7006AA31A /* Assets.xcassets */,
				914ACC4F227191E8006AA31A /* test.jpg */,
				914ACC3F227187B7006AA31A /* Info.plist */,
				914ACC40227187B7006AA31A /* main.m */,
			);
			path = WKCBlurView;
			sourceTree = "<group>";
		};
/* End PBXGroup section */

/* Begin PBXNativeTarget section */
		914ACC2D227187B4006AA31A /* WKCBlurView */ = {
			isa = PBXNativeTarget;
			buildConfigurationList = 914ACC44227187B7006AA31A /* Build configuration list for PBXNativeTarget "WKCBlurView" */;
			buildPhases = (
				914ACC2A227187B4006AA31A /* Sources */,
				914ACC2B227187B4006AA31A /* Frameworks */,
				914ACC2C227187B4006AA31A /* Resources */,
			);
			buildRules = (
			);
			dependencies = (
			);
			name = WKCBlurView;
			productName = WKCBlurView;
			productReference = 914ACC2E227187B4006AA31A /* WKCBlurView.app */;
			productType = "com.apple.product-type.application";
		};
/* End PBXNativeTarget section */

/* Begin PBXProject section */
		914ACC26227187B4006AA31A /* Project object */ = {
			isa = PBXProject;
			attributes = {
				LastUpgradeCheck = 1020;
				ORGANIZATIONNAME = SecretLisa;
				TargetAttributes = {
					914ACC2D227187B4006AA31A = {
						CreatedOnToolsVersion = 10.2.1;
					};
				};
			};
			buildConfigurationList = 914ACC29227187B4006AA31A /* Build configuration list for PBXProject "WKCBlurView" */;
			compatibilityVersion = "Xcode 9.3";
			developmentRegion = en;
			hasScannedForEncodings = 0;
			knownRegions = (
				en,
				Base,
			);
			mainGroup = 914ACC25227187B4006AA31A;
			productRefGroup = 914ACC2F227187B4006AA31A /* Products */;
			projectDirPath = "";
			projectRoot = "";
			targets = (
				914ACC2D227187B4006AA31A /* WKCBlurView */,
			);
		};
/* End PBXProject section */

/* Begin PBXResourcesBuildPhase section */
		914ACC2C227187B4006AA31A /* Resources */ = {
			isa = PBXResourcesBuildPhase;
			buildActionMask = 2147483647;
			files = (
				914ACC3B227187B7006AA31A /* Assets.xcassets in Resources */,
				914ACC50227191E8006AA31A /* test.jpg in Resources */,
				914ACC39227187B4006AA31A /* Main.storyboard in Resources */,
			);
			runOnlyForDeploymentPostprocessing = 0;
		};
/* End PBXResourcesBuildPhase section */

/* Begin PBXSourcesBuildPhase section */
		914ACC2A227187B4006AA31A /* Sources */ = {
			isa = PBXSourcesBuildPhase;
			buildActionMask = 2147483647;
			files = (
				914ACC4E22718870006AA31A /* WKCBlurItemCell.m in Sources */,
				914ACC36227187B4006AA31A /* ViewController.m in Sources */,
				914ACC49227187E1006AA31A /* WKCBlurView.m in Sources */,
				914ACC5322719994006AA31A /* UIView+Blur.m in Sources */,
				914ACC41227187B7006AA31A /* main.m in Sources */,
				914ACC33227187B4006AA31A /* AppDelegate.m in Sources */,
			);
			runOnlyForDeploymentPostprocessing = 0;
		};
/* End PBXSourcesBuildPhase section */

/* Begin PBXVariantGroup section */
		914ACC37227187B4006AA31A /* Main.storyboard */ = {
			isa = PBXVariantGroup;
			children = (
				914ACC38227187B4006AA31A /* Base */,
			);
			name = Main.storyboard;
			sourceTree = "<group>";
		};
/* End PBXVariantGroup section */

/* Begin XCBuildConfiguration section */
		914ACC42227187B7006AA31A /* Debug */ = {
			isa = XCBuildConfiguration;
			buildSettings = {
				ALWAYS_SEARCH_USER_PATHS = NO;
				CLANG_ANALYZER_NONNULL = YES;
				CLANG_ANALYZER_NUMBER_OBJECT_CONVERSION = YES_AGGRESSIVE;
				CLANG_CXX_LANGUAGE_STANDARD = "gnu++14";
				CLANG_CXX_LIBRARY = "libc++";
				CLANG_ENABLE_MODULES = YES;
				CLANG_ENABLE_OBJC_ARC = YES;
				CLANG_ENABLE_OBJC_WEAK = YES;
				CLANG_WARN_BLOCK_CAPTURE_AUTORELEASING = YES;
				CLANG_WARN_BOOL_CONVERSION = YES;
				CLANG_WARN_COMMA = YES;
				CLANG_WARN_CONSTANT_CONVERSION = YES;
				CLANG_WARN_DEPRECATED_OBJC_IMPLEMENTATIONS = YES;
				CLANG_WARN_DIRECT_OBJC_ISA_USAGE = YES_ERROR;
				CLANG_WARN_DOCUMENTATION_COMMENTS = YES;
				CLANG_WARN_EMPTY_BODY = YES;
				CLANG_WARN_ENUM_CONVERSION = YES;
				CLANG_WARN_INFINITE_RECURSION = YES;
				CLANG_WARN_INT_CONVERSION = YES;
				CLANG_WARN_NON_LITERAL_NULL_CONVERSION = YES;
				CLANG_WARN_OBJC_IMPLICIT_RETAIN_SELF = YES;
				CLANG_WARN_OBJC_LITERAL_CONVERSION = YES;
				CLANG_WARN_OBJC_ROOT_CLASS = YES_ERROR;
				CLANG_WARN_RANGE_LOOP_ANALYSIS = YES;
				CLANG_WARN_STRICT_PROTOTYPES = YES;
				CLANG_WARN_SUSPICIOUS_MOVE = YES;
				CLANG_WARN_UNGUARDED_AVAILABILITY = YES_AGGRESSIVE;
				CLANG_WARN_UNREACHABLE_CODE = YES;
				CLANG_WARN__DUPLICATE_METHOD_MATCH = YES;
				CODE_SIGN_IDENTITY = "iPhone Developer";
				COPY_PHASE_STRIP = NO;
				DEBUG_INFORMATION_FORMAT = dwarf;
				ENABLE_STRICT_OBJC_MSGSEND = YES;
				ENABLE_TESTABILITY = YES;
				GCC_C_LANGUAGE_STANDARD = gnu11;
				GCC_DYNAMIC_NO_PIC = NO;
				GCC_NO_COMMON_BLOCKS = YES;
				GCC_OPTIMIZATION_LEVEL = 0;
				GCC_PREPROCESSOR_DEFINITIONS = (
					"DEBUG=1",
					"$(inherited)",
				);
				GCC_WARN_64_TO_32_BIT_CONVERSION = YES;
				GCC_WARN_ABOUT_RETURN_TYPE = YES_ERROR;
				GCC_WARN_UNDECLARED_SELECTOR = YES;
				GCC_WARN_UNINITIALIZED_AUTOS = YES_AGGRESSIVE;
				GCC_WARN_UNUSED_FUNCTION = YES;
				GCC_WARN_UNUSED_VARIABLE = YES;
				IPHONEOS_DEPLOYMENT_TARGET = 12.2;
				MTL_ENABLE_DEBUG_INFO = INCLUDE_SOURCE;
				MTL_FAST_MATH = YES;
				ONLY_ACTIVE_ARCH = YES;
				SDKROOT = iphoneos;
			};
			name = Debug;
		};
		914ACC43227187B7006AA31A /* Release */ = {
			isa = XCBuildConfiguration;
			buildSettings = {
				ALWAYS_SEARCH_USER_PATHS = NO;
				CLANG_ANALYZER_NONNULL = YES;
				CLANG_ANALYZER_NUMBER_OBJECT_CONVERSION = YES_AGGRESSIVE;
				CLANG_CXX_LANGUAGE_STANDARD = "gnu++14";
				CLANG_CXX_LIBRARY = "libc++";
				CLANG_ENABLE_MODULES = YES;
				CLANG_ENABLE_OBJC_ARC = YES;
				CLANG_ENABLE_OBJC_WEAK = YES;
				CLANG_WARN_BLOCK_CAPTURE_AUTORELEASING = YES;
				CLANG_WARN_BOOL_CONVERSION = YES;
				CLANG_WARN_COMMA = YES;
				CLANG_WARN_CONSTANT_CONVERSION = YES;
				CLANG_WARN_DEPRECATED_OBJC_IMPLEMENTATIONS = YES;
				CLANG_WARN_DIRECT_OBJC_ISA_USAGE = YES_ERROR;
				CLANG_WARN_DOCUMENTATION_COMMENTS = YES;
				CLANG_WARN_EMPTY_BODY = YES;
				CLANG_WARN_ENUM_CONVERSION = YES;
				CLANG_WARN_INFINITE_RECURSION = YES;
				CLANG_WARN_INT_CONVERSION = YES;
				CLANG_WARN_NON_LITERAL_NULL_CONVERSION = YES;
				CLANG_WARN_OBJC_IMPLICIT_RETAIN_SELF = YES;
				CLANG_WARN_OBJC_LITERAL_CONVERSION = YES;
				CLANG_WARN_OBJC_ROOT_CLASS = YES_ERROR;
				CLANG_WARN_RANGE_LOOP_ANALYSIS = YES;
				CLANG_WARN_STRICT_PROTOTYPES = YES;
				CLANG_WARN_SUSPICIOUS_MOVE = YES;
				CLANG_WARN_UNGUARDED_AVAILABILITY = YES_AGGRESSIVE;
				CLANG_WARN_UNREACHABLE_CODE = YES;
				CLANG_WARN__DUPLICATE_METHOD_MATCH = YES;
				CODE_SIGN_IDENTITY = "iPhone Developer";
				COPY_PHASE_STRIP = NO;
				DEBUG_INFORMATION_FORMAT = "dwarf-with-dsym";
				ENABLE_NS_ASSERTIONS = NO;
				ENABLE_STRICT_OBJC_MSGSEND = YES;
				GCC_C_LANGUAGE_STANDARD = gnu11;
				GCC_NO_COMMON_BLOCKS = YES;
				GCC_WARN_64_TO_32_BIT_CONVERSION = YES;
				GCC_WARN_ABOUT_RETURN_TYPE = YES_ERROR;
				GCC_WARN_UNDECLARED_SELECTOR = YES;
				GCC_WARN_UNINITIALIZED_AUTOS = YES_AGGRESSIVE;
				GCC_WARN_UNUSED_FUNCTION = YES;
				GCC_WARN_UNUSED_VARIABLE = YES;
				IPHONEOS_DEPLOYMENT_TARGET = 12.2;
				MTL_ENABLE_DEBUG_INFO = NO;
				MTL_FAST_MATH = YES;
				SDKROOT = iphoneos;
				VALIDATE_PRODUCT = YES;
			};
			name = Release;
		};
		914ACC45227187B7006AA31A /* Debug */ = {
			isa = XCBuildConfiguration;
			buildSettings = {
				ASSETCATALOG_COMPILER_APPICON_NAME = AppIcon;
				CODE_SIGN_STYLE = Automatic;
				INFOPLIST_FILE = WKCBlurView/Info.plist;
				LD_RUNPATH_SEARCH_PATHS = (
					"$(inherited)",
					"@executable_path/Frameworks",
				);
				PRODUCT_BUNDLE_IDENTIFIER = SecretLisa.WKCBlurView;
				PRODUCT_NAME = "$(TARGET_NAME)";
				TARGETED_DEVICE_FAMILY = "1,2";
			};
			name = Debug;
		};
		914ACC46227187B7006AA31A /* Release */ = {
			isa = XCBuildConfiguration;
			buildSettings = {
				ASSETCATALOG_COMPILER_APPICON_NAME = AppIcon;
				CODE_SIGN_STYLE = Automatic;
				INFOPLIST_FILE = WKCBlurView/Info.plist;
				LD_RUNPATH_SEARCH_PATHS = (
					"$(inherited)",
					"@executable_path/Frameworks",
				);
				PRODUCT_BUNDLE_IDENTIFIER = SecretLisa.WKCBlurView;
				PRODUCT_NAME = "$(TARGET_NAME)";
				TARGETED_DEVICE_FAMILY = "1,2";
			};
			name = Release;
		};
/* End XCBuildConfiguration section */

/* Begin XCConfigurationList section */
		914ACC29227187B4006AA31A /* Build configuration list for PBXProject "WKCBlurView" */ = {
			isa = XCConfigurationList;
			buildConfigurations = (
				914ACC42227187B7006AA31A /* Debug */,
				914ACC43227187B7006AA31A /* Release */,
			);
			defaultConfigurationIsVisible = 0;
			defaultConfigurationName = Release;
		};
		914ACC44227187B7006AA31A /* Build configuration list for PBXNativeTarget "WKCBlurView" */ = {
			isa = XCConfigurationList;
			buildConfigurations = (
				914ACC45227187B7006AA31A /* Debug */,
				914ACC46227187B7006AA31A /* Release */,
			);
			defaultConfigurationIsVisible = 0;
			defaultConfigurationName = Release;
		};
/* End XCConfigurationList section */
	};
	rootObject = 914ACC26227187B4006AA31A /* Project object */;
}
